
Microsoft Visual Studio Solution File, Format Version 12.00
# Visual Studio Version 16
VisualStudioVersion = 16.0.29403.142
MinimumVisualStudioVersion = 10.0.40219.1
Project("{FAE04EC0-301F-11D3-BF4B-00C04F79EFBC}") = "TrainingWebAPI.Entity", "TrainingWebAPI.Entity\TrainingWebAPI.Entity.csproj", "{B4AEB187-57BE-48DA-BA4C-EB54DDC13510}"
EndProject
Project("{FAE04EC0-301F-11D3-BF4B-00C04F79EFBC}") = "TrainingWebAPI.Service", "TrainingWebAPI.Service\TrainingWebAPI.Service.csproj", "{2E60356D-1AE0-4917-82E8-85CD4B812060}"
EndProject
Project("{FAE04EC0-301F-11D3-BF4B-00C04F79EFBC}") = "TrainingWebAPI.Repository", "TrainingWebAPI.Repository\TrainingWebAPI.Repository.csproj", "{46B4F753-19A9-48E4-B0A8-93D156959146}"
EndProject
Project("{FAE04EC0-301F-11D3-BF4B-00C04F79EFBC}") = "TrainingWebAPI.WebAPI", "TrainingWebAPI.WebAPI\TrainingWebAPI.WebAPI.csproj", "{58B15768-FE8D-43EE-8BFC-84A9926977ED}"
EndProject
Project("{FAE04EC0-301F-11D3-BF4B-00C04F79EFBC}") = "TaskAndThread", "TaskAndThread\TaskAndThread.csproj", "{F7E87185-8066-4D36-A29D-AB7A858A9639}"
EndProject
Global
	GlobalSection(SolutionConfigurationPlatforms) = preSolution
		Debug|Any CPU = Debug|Any CPU
		Release|Any CPU = Release|Any CPU
	EndGlobalSection
	GlobalSection(ProjectConfigurationPlatforms) = postSolution
		{B4AEB187-57BE-48DA-BA4C-EB54DDC13510}.Debug|Any CPU.ActiveCfg = Debug|Any CPU
		{B4AEB187-57BE-48DA-BA4C-EB54DDC13510}.Debug|Any CPU.Build.0 = Debug|Any CPU
		{B4AEB187-57BE-48DA-BA4C-EB54DDC13510}.Release|Any CPU.ActiveCfg = Release|Any CPU
		{B4AEB187-57BE-48DA-BA4C-EB54DDC13510}.Release|Any CPU.Build.0 = Release|Any CPU
		{2E60356D-1AE0-4917-82E8-85CD4B812060}.Debug|Any CPU.ActiveCfg = Debug|Any CPU
		{2E60356D-1AE0-4917-82E8-85CD4B812060}.Debug|Any CPU.Build.0 = Debug|Any CPU
		{2E60356D-1AE0-4917-82E8-85CD4B812060}.Release|Any CPU.ActiveCfg = Release|Any CPU
		{2E60356D-1AE0-4917-82E8-85CD4B812060}.Release|Any CPU.Build.0 = Release|Any CPU
		{46B4F753-19A9-48E4-B0A8-93D156959146}.Debug|Any CPU.ActiveCfg = Debug|Any CPU
		{46B4F753-19A9-48E4-B0A8-93D156959146}.Debug|Any CPU.Build.0 = Debug|Any CPU
		{46B4F753-19A9-48E4-B0A8-93D156959146}.Release|Any CPU.ActiveCfg = Release|Any CPU
		{46B4F753-19A9-48E4-B0A8-93D156959146}.Release|Any CPU.Build.0 = Release|Any CPU
		{58B15768-FE8D-43EE-8BFC-84A9926977ED}.Debug|Any CPU.ActiveCfg = Debug|Any CPU
		{58B15768-FE8D-43EE-8BFC-84A9926977ED}.Debug|Any CPU.Build.0 = Debug|Any CPU
		{58B15768-FE8D-43EE-8BFC-84A9926977ED}.Release|Any CPU.ActiveCfg = Release|Any CPU
		{58B15768-FE8D-43EE-8BFC-84A9926977ED}.Release|Any CPU.Build.0 = Release|Any CPU
		{F7E87185-8066-4D36-A29D-AB7A858A9639}.Debug|Any CPU.ActiveCfg = Debug|Any CPU
		{F7E87185-8066-4D36-A29D-AB7A858A9639}.Debug|Any CPU.Build.0 = Debug|Any CPU
		{F7E87185-8066-4D36-A29D-AB7A858A9639}.Release|Any CPU.ActiveCfg = Release|Any CPU
		{F7E87185-8066-4D36-A29D-AB7A858A9639}.Release|Any CPU.Build.0 = Release|Any CPU
	EndGlobalSection
	GlobalSection(SolutionProperties) = preSolution
		HideSolutionNode = FALSE
	EndGlobalSection
	GlobalSection(ExtensibilityGlobals) = postSolution
		SolutionGuid = {B6084426-BECB-4DF1-9082-0E38C16EA698}
	EndGlobalSection
EndGlobal
